
Microsoft Visual Studio Solution File, Format Version 9.00
# Visual C++ Express 2005
Project("{8BC9CEB8-8B4A-11D0-8D11-00A0C91BC942}") = "ezFectory", "ezFectory\ezFectory.vcproj", "{A39426D7-A5DD-4A15-B36C-8C3BDF2B4B49}"
EndProject
Project("{8BC9CEB8-8B4A-11D0-8D11-00A0C91BC942}") = "Strategy", "Strategy\Strategy.vcproj", "{FAD6B90E-52C8-41C2-8FA8-01D868BEABF0}"
EndProject
Global
	GlobalSection(SolutionConfigurationPlatforms) = preSolution
		Debug|Win32 = Debug|Win32
		Release|Win32 = Release|Win32
	EndGlobalSection
	GlobalSection(ProjectConfigurationPlatforms) = postSolution
		{A39426D7-A5DD-4A15-B36C-8C3BDF2B4B49}.Debug|Win32.ActiveCfg = Debug|Win32
		{A39426D7-A5DD-4A15-B36C-8C3BDF2B4B49}.Debug|Win32.Build.0 = Debug|Win32
		{A39426D7-A5DD-4A15-B36C-8C3BDF2B4B49}.Release|Win32.ActiveCfg = Release|Win32
		{A39426D7-A5DD-4A15-B36C-8C3BDF2B4B49}.Release|Win32.Build.0 = Release|Win32
		{FAD6B90E-52C8-41C2-8FA8-01D868BEABF0}.Debug|Win32.ActiveCfg = Debug|Win32
		{FAD6B90E-52C8-41C2-8FA8-01D868BEABF0}.Debug|Win32.Build.0 = Debug|Win32
		{FAD6B90E-52C8-41C2-8FA8-01D868BEABF0}.Release|Win32.ActiveCfg = Release|Win32
		{FAD6B90E-52C8-41C2-8FA8-01D868BEABF0}.Release|Win32.Build.0 = Release|Win32
	EndGlobalSection
	GlobalSection(SolutionProperties) = preSolution
		HideSolutionNode = FALSE
	EndGlobalSection
EndGlobal
